
Microsoft Visual Studio Solution File, Format Version 12.00
# Visual Studio Version 16
VisualStudioVersion = 16.0.30413.136
MinimumVisualStudioVersion = 10.0.40219.1
Project("{FAE04EC0-301F-11D3-BF4B-00C04F79EFBC}") = "HelloWorld", "HelloWorld\HelloWorld.csproj", "{79DE375D-8AA2-43A4-9767-342E58F21B0C}"
EndProject
Global
	GlobalSection(SolutionConfigurationPlatforms) = preSolution
		Debug|Any CPU = Debug|Any CPU
		Release|Any CPU = Release|Any CPU
	EndGlobalSection
	GlobalSection(ProjectConfigurationPlatforms) = postSolution
		{79DE375D-8AA2-43A4-9767-342E58F21B0C}.Debug|Any CPU.ActiveCfg = Debug|Any CPU
		{79DE375D-8AA2-43A4-9767-342E58F21B0C}.Debug|Any CPU.Build.0 = Debug|Any CPU
		{79DE375D-8AA2-43A4-9767-342E58F21B0C}.Release|Any CPU.ActiveCfg = Release|Any CPU
		{79DE375D-8AA2-43A4-9767-342E58F21B0C}.Release|Any CPU.Build.0 = Release|Any CPU
	EndGlobalSection
	GlobalSection(SolutionProperties) = preSolution
		HideSolutionNode = FALSE
	EndGlobalSection
	GlobalSection(ExtensibilityGlobals) = postSolution
		SolutionGuid = {419AF0D9-72B8-45FF-9CF3-FD04DE1286C5}
	EndGlobalSection
EndGlobal
